
Microsoft Visual Studio Solution File, Format Version 12.00
# Visual Studio Version 16
VisualStudioVersion = 16.0.30611.23
MinimumVisualStudioVersion = 10.0.40219.1
Project("{FAE04EC0-301F-11D3-BF4B-00C04F79EFBC}") = "Producer", "Producer\Producer.csproj", "{846035F7-0EBD-4CC0-BBB5-1E7CCC03648F}"
EndProject
Project("{FAE04EC0-301F-11D3-BF4B-00C04F79EFBC}") = "Consumer", "Consumer\Consumer.csproj", "{3439DD42-3B47-4BE9-BC18-EDF4655A2613}"
EndProject
Global
	GlobalSection(SolutionConfigurationPlatforms) = preSolution
		Debug|Any CPU = Debug|Any CPU
		Release|Any CPU = Release|Any CPU
	EndGlobalSection
	GlobalSection(ProjectConfigurationPlatforms) = postSolution
		{846035F7-0EBD-4CC0-BBB5-1E7CCC03648F}.Debug|Any CPU.ActiveCfg = Debug|Any CPU
		{846035F7-0EBD-4CC0-BBB5-1E7CCC03648F}.Debug|Any CPU.Build.0 = Debug|Any CPU
		{846035F7-0EBD-4CC0-BBB5-1E7CCC03648F}.Release|Any CPU.ActiveCfg = Release|Any CPU
		{846035F7-0EBD-4CC0-BBB5-1E7CCC03648F}.Release|Any CPU.Build.0 = Release|Any CPU
		{3439DD42-3B47-4BE9-BC18-EDF4655A2613}.Debug|Any CPU.ActiveCfg = Debug|Any CPU
		{3439DD42-3B47-4BE9-BC18-EDF4655A2613}.Debug|Any CPU.Build.0 = Debug|Any CPU
		{3439DD42-3B47-4BE9-BC18-EDF4655A2613}.Release|Any CPU.ActiveCfg = Release|Any CPU
		{3439DD42-3B47-4BE9-BC18-EDF4655A2613}.Release|Any CPU.Build.0 = Release|Any CPU
	EndGlobalSection
	GlobalSection(SolutionProperties) = preSolution
		HideSolutionNode = FALSE
	EndGlobalSection
	GlobalSection(ExtensibilityGlobals) = postSolution
		SolutionGuid = {0BB7AB4B-6E00-414D-971F-763880144F36}
	EndGlobalSection
EndGlobal
